
Microsoft Visual Studio Solution File, Format Version 12.00
# Visual Studio Version 17
VisualStudioVersion = 17.8.34309.116
MinimumVisualStudioVersion = 10.0.40219.1
Project("{FAE04EC0-301F-11D3-BF4B-00C04F79EFBC}") = "ConsoleApp19", "ConsoleApp19.csproj", "{A1337207-DB70-4805-94B7-97AF529AEFF4}"
EndProject
Global
	GlobalSection(SolutionConfigurationPlatforms) = preSolution
		Debug|Any CPU = Debug|Any CPU
		Release|Any CPU = Release|Any CPU
	EndGlobalSection
	GlobalSection(ProjectConfigurationPlatforms) = postSolution
		{A1337207-DB70-4805-94B7-97AF529AEFF4}.Debug|Any CPU.ActiveCfg = Debug|Any CPU
		{A1337207-DB70-4805-94B7-97AF529AEFF4}.Debug|Any CPU.Build.0 = Debug|Any CPU
		{A1337207-DB70-4805-94B7-97AF529AEFF4}.Release|Any CPU.ActiveCfg = Release|Any CPU
		{A1337207-DB70-4805-94B7-97AF529AEFF4}.Release|Any CPU.Build.0 = Release|Any CPU
	EndGlobalSection
	GlobalSection(SolutionProperties) = preSolution
		HideSolutionNode = FALSE
	EndGlobalSection
	GlobalSection(ExtensibilityGlobals) = postSolution
		SolutionGuid = {2AD859A3-D384-42D4-A937-793047FD7F3E}
	EndGlobalSection
EndGlobal
